
Microsoft Visual Studio Solution File, Format Version 12.00
# Visual Studio Version 16
VisualStudioVersion = 16.0.29403.142
MinimumVisualStudioVersion = 10.0.40219.1
Project("{FAE04EC0-301F-11D3-BF4B-00C04F79EFBC}") = "Login", "Login\Login.csproj", "{28B5BBDC-129B-4036-A732-AA230EFDEBD2}"
EndProject
Global
	GlobalSection(SolutionConfigurationPlatforms) = preSolution
		Debug|Any CPU = Debug|Any CPU
		Release|Any CPU = Release|Any CPU
	EndGlobalSection
	GlobalSection(ProjectConfigurationPlatforms) = postSolution
		{28B5BBDC-129B-4036-A732-AA230EFDEBD2}.Debug|Any CPU.ActiveCfg = Debug|Any CPU
		{28B5BBDC-129B-4036-A732-AA230EFDEBD2}.Debug|Any CPU.Build.0 = Debug|Any CPU
		{28B5BBDC-129B-4036-A732-AA230EFDEBD2}.Release|Any CPU.ActiveCfg = Release|Any CPU
		{28B5BBDC-129B-4036-A732-AA230EFDEBD2}.Release|Any CPU.Build.0 = Release|Any CPU
	EndGlobalSection
	GlobalSection(SolutionProperties) = preSolution
		HideSolutionNode = FALSE
	EndGlobalSection
	GlobalSection(ExtensibilityGlobals) = postSolution
		SolutionGuid = {6E2DCCC6-F908-47DB-B401-99D5A4B2A8D7}
	EndGlobalSection
EndGlobal
